{
  "nodes": {
    "bombon": {
      "inputs": {
        "nixpkgs": [
          "nixpkgs"
        ]
      },
      "locked": {
        "lastModified": 1790784222,
        "narHash": "sha256-3q+cPrcwESo7eZWhnytxRTpATFZqeQP/zW2ujiNlffI=",
        "owner": "nikstur",
        "repo": "bombon",
        "rev": "f897ae9ce61fd76f5813c819b9ece780cb7e9ddc",
        "type": "github"
      },
      "original": {
        "owner": "nikstur",
        "repo": "bombon",
        "type": "github"
      }
    },
    "cyclonedx-spec": {
      "flake": false,
      "locked": {
        "lastModified": 1790265699,
        "narHash": "sha256-LUGaVkCUrsr5iC8i0J3tn906+mJiEKwdS3pN3ymyD6I=",
        "owner": "CycloneDX",
        "repo": "specification",
        "rev": "1ce97b2a7b8cf2429da248560d2aa671c6bce74a",
        "type": "github"
      },
      "original": {
        "owner": "CycloneDX",
        "repo": "specification",
        "type": "github"
      }
    },
    "flake-parts": {
      "inputs": {
        "nixpkgs-lib": [
          "nixpkgs"
        ]
      },
      "locked": {
        "lastModified": 1790898470,
        "narHash": "sha256-zTwuwezD0w3hpga6a6P8emidzAZFyWqlNeRBlpWOOl8=",
        "owner": "hercules-ci",
        "repo": "flake-parts",
        "rev": "024633cd702b10285db5cb19b40ad48d2399ba60",
        "type": "github"
      },
      "original": {
        "owner": "hercules-ci",
        "repo": "flake-parts",
        "type": "github"
      }
    },
    "flocken": {
      "inputs": {
        "flake-parts": [
          "flake-parts"
        ],
        "nixpkgs": [
          "nixpkgs"
        ],
        "systems": "systems"
      },
      "locked": {
        "lastModified": 1766934152,
        "narHash": "sha256-qCfmMX8Q00WehZpOHb7a8/IRg/I7aDnVawpMZPggjxY=",
        "owner": "mirkolenz",
        "repo": "flocken",
        "rev": "d42cf9b6febe4ad7ba7d916a293e928af50281b5",
        "type": "github"
      },
      "original": {
        "owner": "mirkolenz",
        "ref": "v2",
        "repo": "flocken",
        "type": "github"
      }
    },
    "nixpkgs": {
      "locked": {
        "lastModified": 1791366222,
        "narHash": "sha256-/4ezBOv6aldGab7qTb6ls3SDpgzG8kuuSqEAA9zEZ8E=",
        "rev": "39ad350a0602fa0a58a544344e3e9187526ea45c",
        "type": "tarball",
        "url": "https://releases.nixos.org/nixpkgs/nixpkgs-26.11pre1087089.39ad350a0602/nixexprs.tar.zst"
      },
      "original": {
        "type": "tarball",
        "url": "https://channels.nixos.org/nixpkgs-unstable/nixexprs.tar.zst"
      }
    },
    "process-compose": {
      "locked": {
        "lastModified": 1791313691,
        "narHash": "sha256-9Bp/38NrvbjUGZAZTUiYWfbXW/y6B1rSBJHEgRsDK4g=",
        "owner": "Platonic-Systems",
        "repo": "process-compose-flake",
        "rev": "142d4b084026e91d9ab5822639d308aca5fb1b2b",
        "type": "github"
      },
      "original": {
        "owner": "Platonic-Systems",
        "repo": "process-compose-flake",
        "type": "github"
      }
    },
    "pyproject-build-systems": {
      "inputs": {
        "nixpkgs": [
          "nixpkgs"
        ],
        "pyproject-nix": [
          "pyproject-nix"
        ],
        "uv2nix": [
          "uv2nix"
        ]
      },
      "locked": {
        "lastModified": 1791170410,
        "narHash": "sha256-pyru9MpuXRiyq0Bd4q0nHpL4T6HCuZT4B+alcgAYE4A=",
        "owner": "pyproject-nix",
        "repo": "build-system-pkgs",
        "rev": "953d35d03a51dbecaf3feb3fb679eb63e90ebeb4",
        "type": "github"
      },
      "original": {
        "owner": "pyproject-nix",
        "repo": "build-system-pkgs",
        "type": "github"
      }
    },
    "pyproject-nix": {
      "inputs": {
        "nixpkgs": [
          "nixpkgs"
        ]
      },
      "locked": {
        "lastModified": 1788394333,
        "narHash": "sha256-xYOP0Xym1eVGUaHFx+eJEaycFGoiCbst3fZf0xFHP78=",
        "owner": "pyproject-nix",
        "repo": "pyproject.nix",
        "rev": "6a8a7881d75b6f98967e7b8069f4ead331384301",
        "type": "github"
      },
      "original": {
        "owner": "pyproject-nix",
        "repo": "pyproject.nix",
        "type": "github"
      }
    },
    "root": {
      "inputs": {
        "bombon": "bombon",
        "cyclonedx-spec": "cyclonedx-spec",
        "flake-parts": "flake-parts",
        "flocken": "flocken",
        "nixpkgs": "nixpkgs",
        "process-compose": "process-compose",
        "pyproject-build-systems": "pyproject-build-systems",
        "pyproject-nix": "pyproject-nix",
        "services-flake": "services-flake",
        "systems": "systems_2",
        "treefmt-nix": "treefmt-nix",
        "uv2nix": "uv2nix"
      }
    },
    "services-flake": {
      "locked": {
        "lastModified": 1791367800,
        "narHash": "sha256-vUC7++qixRr0JAULJjE7bVDO5Ci23WW/oBcUSv0evVo=",
        "owner": "juspay",
        "repo": "services-flake",
        "rev": "03189b6f0ef5083ffce220e912e13e8cd4907108",
        "type": "github"
      },
      "original": {
        "owner": "juspay",
        "repo": "services-flake",
        "type": "github"
      }
    },
    "systems": {
      "locked": {
        "lastModified": 1681028828,
        "narHash": "sha256-Vy1rq5AaRuLzOxct8nz4T6wlgyUR7zLU309k9mBC768=",
        "owner": "nix-systems",
        "repo": "default",
        "rev": "da67096a3b9bf56a91d16901293e51ba5b49a27e",
        "type": "github"
      },
      "original": {
        "owner": "nix-systems",
        "repo": "default",
        "type": "github"
      }
    },
    "systems_2": {
      "locked": {
        "lastModified": 1791244623,
        "narHash": "sha256-uuanbkFk8a313Zfrxdcz8Us/yQtaxNnKJtX8v0ZPpd8=",
        "owner": "nix-systems",
        "repo": "default",
        "rev": "d36eeed142f88b5a636f2e3856a53c61654cf29b",
        "type": "github"
      },
      "original": {
        "owner": "nix-systems",
        "repo": "default",
        "type": "github"
      }
    },
    "treefmt-nix": {
      "inputs": {
        "nixpkgs": [
          "nixpkgs"
        ]
      },
      "locked": {
        "lastModified": 1791490544,
        "narHash": "sha256-qScE7Wz6Zg7eg8ItUpnkmKgst8weWschGe0E8jM4rj4=",
        "owner": "numtide",
        "repo": "treefmt-nix",
        "rev": "4cfe8d7065cc8ca91c0a50361b6dd74920eeb1f5",
        "type": "github"
      },
      "original": {
        "owner": "numtide",
        "repo": "treefmt-nix",
        "type": "github"
      }
    },
    "uv2nix": {
      "inputs": {
        "nixpkgs": [
          "nixpkgs"
        ],
        "pyproject-nix": [
          "pyproject-nix"
        ]
      },
      "locked": {
        "lastModified": 1790341335,
        "narHash": "sha256-wFnDm/o/4OebDlpGFyVXP8DLUx0/gR/jUFuGqmTwsQg=",
        "owner": "pyproject-nix",
        "repo": "uv2nix",
        "rev": "a24323e9e6ecbbf305c238845ff6c612d50467c0",
        "type": "github"
      },
      "original": {
        "owner": "pyproject-nix",
        "repo": "uv2nix",
        "type": "github"
      }
    }
  },
  "root": "root",
  "version": 7
}
